
Microsoft Visual Studio Solution File, Format Version 12.00
# Visual Studio 15
VisualStudioVersion = 15.0.28307.1758
MinimumVisualStudioVersion = 10.0.40219.1
Project("{E24C65DC-7377-472B-9ABA-BC803B73C61A}") = "LibrarySystem", "E:\6th Semester\OOAD\project\LibrarySystem\", "{951448F5-2656-4D50-9B2E-1E6086F5B376}"
	ProjectSection(WebsiteProperties) = preProject
		TargetFrameworkMoniker = ".NETFramework,Version%3Dv4.0"
		Debug.AspNetCompiler.VirtualPath = "/localhost_61582"
		Debug.AspNetCompiler.PhysicalPath = "E:\6th Semester\OOAD\project\LibrarySystem\"
		Debug.AspNetCompiler.TargetPath = "PrecompiledWeb\localhost_61582\"
		Debug.AspNetCompiler.Updateable = "true"
		Debug.AspNetCompiler.ForceOverwrite = "true"
		Debug.AspNetCompiler.FixedNames = "false"
		Debug.AspNetCompiler.Debug = "True"
		Release.AspNetCompiler.VirtualPath = "/localhost_61582"
		Release.AspNetCompiler.PhysicalPath = "E:\6th Semester\OOAD\project\LibrarySystem\"
		Release.AspNetCompiler.TargetPath = "PrecompiledWeb\localhost_61582\"
		Release.AspNetCompiler.Updateable = "true"
		Release.AspNetCompiler.ForceOverwrite = "true"
		Release.AspNetCompiler.FixedNames = "false"
		Release.AspNetCompiler.Debug = "False"
		VWDPort = "61582"
	EndProjectSection
EndProject
Global
	GlobalSection(SolutionConfigurationPlatforms) = preSolution
		Debug|Any CPU = Debug|Any CPU
	EndGlobalSection
	GlobalSection(ProjectConfigurationPlatforms) = postSolution
		{951448F5-2656-4D50-9B2E-1E6086F5B376}.Debug|Any CPU.ActiveCfg = Debug|Any CPU
		{951448F5-2656-4D50-9B2E-1E6086F5B376}.Debug|Any CPU.Build.0 = Debug|Any CPU
	EndGlobalSection
	GlobalSection(SolutionProperties) = preSolution
		HideSolutionNode = FALSE
	EndGlobalSection
	GlobalSection(ExtensibilityGlobals) = postSolution
		SolutionGuid = {31213A8C-A704-407A-B7F2-D276C8F93F0F}
	EndGlobalSection
EndGlobal
